
Microsoft Visual Studio Solution File, Format Version 12.00
# Visual Studio Version 16
VisualStudioVersion = 16.0.29409.12
MinimumVisualStudioVersion = 10.0.40219.1
Project("{9A19103F-16F7-4668-BE54-9A1E7A4F7556}") = "svm_fs", "svm_fs\svm_fs.csproj", "{C61F3DEE-0495-457F-8C15-417298E202C0}"
EndProject
Global
	GlobalSection(SolutionConfigurationPlatforms) = preSolution
		Debug|x64 = Debug|x64
		Release|x64 = Release|x64
	EndGlobalSection
	GlobalSection(ProjectConfigurationPlatforms) = postSolution
		{C61F3DEE-0495-457F-8C15-417298E202C0}.Debug|x64.ActiveCfg = Debug|x64
		{C61F3DEE-0495-457F-8C15-417298E202C0}.Debug|x64.Build.0 = Debug|x64
		{C61F3DEE-0495-457F-8C15-417298E202C0}.Release|x64.ActiveCfg = Release|x64
		{C61F3DEE-0495-457F-8C15-417298E202C0}.Release|x64.Build.0 = Release|x64
	EndGlobalSection
	GlobalSection(SolutionProperties) = preSolution
		HideSolutionNode = FALSE
	EndGlobalSection
	GlobalSection(ExtensibilityGlobals) = postSolution
		SolutionGuid = {4326EADD-562B-4883-BF2A-830596D83AEC}
	EndGlobalSection
EndGlobal
